
Microsoft Visual Studio Solution File, Format Version 12.00
# Visual Studio Version 17
VisualStudioVersion = 17.0.32126.317
MinimumVisualStudioVersion = 10.0.40219.1
Project("{FAE04EC0-301F-11D3-BF4B-00C04F79EFBC}") = "viselitsya", "viselitsya\viselitsya.csproj", "{AAA92F76-FC31-41DB-ACD3-3F1C75D656F0}"
EndProject
Global
	GlobalSection(SolutionConfigurationPlatforms) = preSolution
		Debug|Any CPU = Debug|Any CPU
		Release|Any CPU = Release|Any CPU
	EndGlobalSection
	GlobalSection(ProjectConfigurationPlatforms) = postSolution
		{AAA92F76-FC31-41DB-ACD3-3F1C75D656F0}.Debug|Any CPU.ActiveCfg = Debug|Any CPU
		{AAA92F76-FC31-41DB-ACD3-3F1C75D656F0}.Debug|Any CPU.Build.0 = Debug|Any CPU
		{AAA92F76-FC31-41DB-ACD3-3F1C75D656F0}.Release|Any CPU.ActiveCfg = Release|Any CPU
		{AAA92F76-FC31-41DB-ACD3-3F1C75D656F0}.Release|Any CPU.Build.0 = Release|Any CPU
	EndGlobalSection
	GlobalSection(SolutionProperties) = preSolution
		HideSolutionNode = FALSE
	EndGlobalSection
	GlobalSection(ExtensibilityGlobals) = postSolution
		SolutionGuid = {39119F91-1784-4E91-B1E1-6F7E534ED94F}
	EndGlobalSection
EndGlobal
